
Microsoft Visual Studio Solution File, Format Version 12.00
# Visual Studio Version 17
VisualStudioVersion = 17.8.34525.116
MinimumVisualStudioVersion = 10.0.40219.1
Project("{FAE04EC0-301F-11D3-BF4B-00C04F79EFBC}") = "RegularExpressionandClientSideValidation", "Regular Expression and Jquery Client-Side Validation\RegularExpressionandClientSideValidation.csproj", "{1BDEE459-5F2A-4A44-976C-018DD1D0F9BC}"
EndProject
Global
	GlobalSection(SolutionConfigurationPlatforms) = preSolution
		Debug|Any CPU = Debug|Any CPU
		Release|Any CPU = Release|Any CPU
	EndGlobalSection
	GlobalSection(ProjectConfigurationPlatforms) = postSolution
		{1BDEE459-5F2A-4A44-976C-018DD1D0F9BC}.Debug|Any CPU.ActiveCfg = Debug|Any CPU
		{1BDEE459-5F2A-4A44-976C-018DD1D0F9BC}.Debug|Any CPU.Build.0 = Debug|Any CPU
		{1BDEE459-5F2A-4A44-976C-018DD1D0F9BC}.Release|Any CPU.ActiveCfg = Release|Any CPU
		{1BDEE459-5F2A-4A44-976C-018DD1D0F9BC}.Release|Any CPU.Build.0 = Release|Any CPU
	EndGlobalSection
	GlobalSection(SolutionProperties) = preSolution
		HideSolutionNode = FALSE
	EndGlobalSection
	GlobalSection(ExtensibilityGlobals) = postSolution
		SolutionGuid = {C0D3C269-8E5C-459C-A96D-B7954A2F4CDD}
	EndGlobalSection
EndGlobal
